# This file is automatically @generated by Poetry 1.8.4 and should not be changed by hand.

[[package]]
name = "xmindparser"
version = "1.0.9"
description = "Convert xmind to programmable data types, support xmind pro and xmind zen file types."
optional = false
python-versions = "*"
files = [
    {file = "xmindparser-1.0.9-py3-none-any.whl", hash = "sha256:7c5088be244b3d3732101bf88bbe35dad85d4d0ffb3381ec887bf3f21dd69b23"},
    {file = "xmindparser-1.0.9.tar.gz", hash = "sha256:64e08ab129e51b6ef9b68c0620710205bdd7b1ac501c88c4ca5f6a9f50aaf8ee"},
]

[metadata]
lock-version = "2.0"
python-versions = "^3.13"
content-hash = "8649dab92bcb1292bef9a2962040c81b191d4afa381f63bb096ae0f1108b3149"
